
Microsoft Visual Studio Solution File, Format Version 12.00
# Visual Studio Version 17
VisualStudioVersion = 17.14.36518.9 d17.14
MinimumVisualStudioVersion = 10.0.40219.1
Project("{FAE04EC0-301F-11D3-BF4B-00C04F79EFBC}") = "EmployeeShared", "EmployeeShared\EmployeeShared.csproj", "{8B268BE6-8162-4528-A041-12E8E0496F98}"
EndProject
Project("{FAE04EC0-301F-11D3-BF4B-00C04F79EFBC}") = "EmployeeAPI", "EmployeeAPI\EmployeeAPI.csproj", "{806AF4A1-289B-44FD-8D09-88181BAE9744}"
EndProject
Project("{FAE04EC0-301F-11D3-BF4B-00C04F79EFBC}") = "EmployeeApp", "EmployeeApp\EmployeeApp.csproj", "{06397F16-5A74-4600-99C8-1A20A0506DFE}"
EndProject
Global
	GlobalSection(SolutionConfigurationPlatforms) = preSolution
		Debug|Any CPU = Debug|Any CPU
		Release|Any CPU = Release|Any CPU
	EndGlobalSection
	GlobalSection(ProjectConfigurationPlatforms) = postSolution
		{8B268BE6-8162-4528-A041-12E8E0496F98}.Debug|Any CPU.ActiveCfg = Debug|Any CPU
		{8B268BE6-8162-4528-A041-12E8E0496F98}.Debug|Any CPU.Build.0 = Debug|Any CPU
		{8B268BE6-8162-4528-A041-12E8E0496F98}.Release|Any CPU.ActiveCfg = Release|Any CPU
		{8B268BE6-8162-4528-A041-12E8E0496F98}.Release|Any CPU.Build.0 = Release|Any CPU
		{806AF4A1-289B-44FD-8D09-88181BAE9744}.Debug|Any CPU.ActiveCfg = Debug|Any CPU
		{806AF4A1-289B-44FD-8D09-88181BAE9744}.Debug|Any CPU.Build.0 = Debug|Any CPU
		{806AF4A1-289B-44FD-8D09-88181BAE9744}.Release|Any CPU.ActiveCfg = Release|Any CPU
		{806AF4A1-289B-44FD-8D09-88181BAE9744}.Release|Any CPU.Build.0 = Release|Any CPU
		{06397F16-5A74-4600-99C8-1A20A0506DFE}.Debug|Any CPU.ActiveCfg = Debug|Any CPU
		{06397F16-5A74-4600-99C8-1A20A0506DFE}.Debug|Any CPU.Build.0 = Debug|Any CPU
		{06397F16-5A74-4600-99C8-1A20A0506DFE}.Release|Any CPU.ActiveCfg = Release|Any CPU
		{06397F16-5A74-4600-99C8-1A20A0506DFE}.Release|Any CPU.Build.0 = Release|Any CPU
	EndGlobalSection
	GlobalSection(SolutionProperties) = preSolution
		HideSolutionNode = FALSE
	EndGlobalSection
	GlobalSection(ExtensibilityGlobals) = postSolution
		SolutionGuid = {A36503B7-386E-47A8-8148-E9793AAE87F1}
	EndGlobalSection
EndGlobal
